// !$*UTF8*$!
{
	archiveVersion = 1;
	classes = {
	};
	objectVersion = 51;
	objects = {

/* Begin PBXBuildFile section */
		74DF4B6C253084588E3AE9A7 /* Pods_Blabla.framework in Frameworks */ = {isa = PBXBuildFile; fileRef = E931B8D1E25DEC7F141FF211 /* Pods_Blabla.framework */; };
		D37E1C0F25E0453800C3A4EC /* ForTest.swift in Sources */ = {isa = PBXBuildFile; fileRef = D37E1C0E25E0453800C3A4EC /* ForTest.swift */; };
		D3A8675F25C1BB9C000498BB /* AppDelegate.swift in Sources */ = {isa = PBXBuildFile; fileRef = D3A8675E25C1BB9C000498BB /* AppDelegate.swift */; };
		D3A8676125C1BB9C000498BB /* SceneDelegate.swift in Sources */ = {isa = PBXBuildFile; fileRef = D3A8676025C1BB9C000498BB /* SceneDelegate.swift */; };
		D3A8676325C1BB9C000498BB /* ViewController.swift in Sources */ = {isa = PBXBuildFile; fileRef = D3A8676225C1BB9C000498BB /* ViewController.swift */; };
		D3A8676625C1BB9C000498BB /* Main.storyboard in Resources */ = {isa = PBXBuildFile; fileRef = D3A8676425C1BB9C000498BB /* Main.storyboard */; };
		D3A8676825C1BB9D000498BB /* Assets.xcassets in Resources */ = {isa = PBXBuildFile; fileRef = D3A8676725C1BB9D000498BB /* Assets.xcassets */; };
		D3A8676B25C1BB9D000498BB /* LaunchScreen.storyboard in Resources */ = {isa = PBXBuildFile; fileRef = D3A8676925C1BB9D000498BB /* LaunchScreen.storyboard */; };
		D3A8677425C1BDA4000498BB /* ViewControllerAnother.swift in Sources */ = {isa = PBXBuildFile; fileRef = D3A8677325C1BDA4000498BB /* ViewControllerAnother.swift */; };
		D3C437D325DD2C2200ED905A /* Extensions.swift in Sources */ = {isa = PBXBuildFile; fileRef = D3C437D225DD2C2200ED905A /* Extensions.swift */; };
		D3C437D825DD31D700ED905A /* LoggedInViewController.swift in Sources */ = {isa = PBXBuildFile; fileRef = D3C437D725DD31D700ED905A /* LoggedInViewController.swift */; };
		D3F8AC8625CD4E0A00773F9E /* TableView.swift in Sources */ = {isa = PBXBuildFile; fileRef = D3F8AC8525CD4E0A00773F9E /* TableView.swift */; };
/* End PBXBuildFile section */

/* Begin PBXFileReference section */
		2F99FB2760BBC8A626947688 /* Pods-Blabla.release.xcconfig */ = {isa = PBXFileReference; includeInIndex = 1; lastKnownFileType = text.xcconfig; name = "Pods-Blabla.release.xcconfig"; path = "Target Support Files/Pods-Blabla/Pods-Blabla.release.xcconfig"; sourceTree = "<group>"; };
		5BD2234E154039F6DF9D8AC1 /* Pods-Blabla.debug.xcconfig */ = {isa = PBXFileReference; includeInIndex = 1; lastKnownFileType = text.xcconfig; name = "Pods-Blabla.debug.xcconfig"; path = "Target Support Files/Pods-Blabla/Pods-Blabla.debug.xcconfig"; sourceTree = "<group>"; };
		D37E1C0E25E0453800C3A4EC /* ForTest.swift */ = {isa = PBXFileReference; lastKnownFileType = sourcecode.swift; path = ForTest.swift; sourceTree = "<group>"; };
		D3A8675B25C1BB9C000498BB /* Blabla.app */ = {isa = PBXFileReference; explicitFileType = wrapper.application; includeInIndex = 0; path = Blabla.app; sourceTree = BUILT_PRODUCTS_DIR; };
		D3A8675E25C1BB9C000498BB /* AppDelegate.swift */ = {isa = PBXFileReference; lastKnownFileType = sourcecode.swift; path = AppDelegate.swift; sourceTree = "<group>"; };
		D3A8676025C1BB9C000498BB /* SceneDelegate.swift */ = {isa = PBXFileReference; lastKnownFileType = sourcecode.swift; path = SceneDelegate.swift; sourceTree = "<group>"; };
		D3A8676225C1BB9C000498BB /* ViewController.swift */ = {isa = PBXFileReference; lastKnownFileType = sourcecode.swift; path = ViewController.swift; sourceTree = "<group>"; xcLanguageSpecificationIdentifier = xcode.lang.swift; };
		D3A8676525C1BB9C000498BB /* Base */ = {isa = PBXFileReference; lastKnownFileType = file.storyboard; name = Base; path = Base.lproj/Main.storyboard; sourceTree = "<group>"; };
		D3A8676725C1BB9D000498BB /* Assets.xcassets */ = {isa = PBXFileReference; lastKnownFileType = folder.assetcatalog; path = Assets.xcassets; sourceTree = "<group>"; };
		D3A8676A25C1BB9D000498BB /* Base */ = {isa = PBXFileReference; lastKnownFileType = file.storyboard; name = Base; path = Base.lproj/LaunchScreen.storyboard; sourceTree = "<group>"; };
		D3A8676C25C1BB9D000498BB /* Info.plist */ = {isa = PBXFileReference; lastKnownFileType = text.plist.xml; path = Info.plist; sourceTree = "<group>"; };
		D3A8677325C1BDA4000498BB /* ViewControllerAnother.swift */ = {isa = PBXFileReference; lastKnownFileType = sourcecode.swift; path = ViewControllerAnother.swift; sourceTree = "<group>"; };
		D3C437D225DD2C2200ED905A /* Extensions.swift */ = {isa = PBXFileReference; lastKnownFileType = sourcecode.swift; path = Extensions.swift; sourceTree = "<group>"; };
		D3C437D725DD31D700ED905A /* LoggedInViewController.swift */ = {isa = PBXFileReference; lastKnownFileType = sourcecode.swift; path = LoggedInViewController.swift; sourceTree = "<group>"; };
		D3F8AC8525CD4E0A00773F9E /* TableView.swift */ = {isa = PBXFileReference; lastKnownFileType = sourcecode.swift; path = TableView.swift; sourceTree = "<group>"; };
		E931B8D1E25DEC7F141FF211 /* Pods_Blabla.framework */ = {isa = PBXFileReference; explicitFileType = wrapper.framework; includeInIndex = 0; path = Pods_Blabla.framework; sourceTree = BUILT_PRODUCTS_DIR; };
/* End PBXFileReference section */

/* Begin PBXFrameworksBuildPhase section */
		D3A8675825C1BB9C000498BB /* Frameworks */ = {
			isa = PBXFrameworksBuildPhase;
			buildActionMask = 2147483647;
			files = (
				74DF4B6C253084588E3AE9A7 /* Pods_Blabla.framework in Frameworks */,
			);
			runOnlyForDeploymentPostprocessing = 0;
		};
/* End PBXFrameworksBuildPhase section */

/* Begin PBXGroup section */
		69CACD58888E08128F873865 /* Pods */ = {
			isa = PBXGroup;
			children = (
				5BD2234E154039F6DF9D8AC1 /* Pods-Blabla.debug.xcconfig */,
				2F99FB2760BBC8A626947688 /* Pods-Blabla.release.xcconfig */,
			);
			path = Pods;
			sourceTree = "<group>";
		};
		B7558C5C7244DC8FD0B7C8DD /* Frameworks */ = {
			isa = PBXGroup;
			children = (
				E931B8D1E25DEC7F141FF211 /* Pods_Blabla.framework */,
			);
			name = Frameworks;
			sourceTree = "<group>";
		};
		D3A8675225C1BB9C000498BB = {
			isa = PBXGroup;
			children = (
				D3A8675D25C1BB9C000498BB /* Blabla */,
				D3A8675C25C1BB9C000498BB /* Products */,
				69CACD58888E08128F873865 /* Pods */,
				B7558C5C7244DC8FD0B7C8DD /* Frameworks */,
			);
			sourceTree = "<group>";
		};
		D3A8675C25C1BB9C000498BB /* Products */ = {
			isa = PBXGroup;
			children = (
				D3A8675B25C1BB9C000498BB /* Blabla.app */,
			);
			name = Products;
			sourceTree = "<group>";
		};
		D3A8675D25C1BB9C000498BB /* Blabla */ = {
			isa = PBXGroup;
			children = (
				D3A8675E25C1BB9C000498BB /* AppDelegate.swift */,
				D3A8676025C1BB9C000498BB /* SceneDelegate.swift */,
				D3A8676225C1BB9C000498BB /* ViewController.swift */,
				D3A8677325C1BDA4000498BB /* ViewControllerAnother.swift */,
				D3F8AC8525CD4E0A00773F9E /* TableView.swift */,
				D3A8676425C1BB9C000498BB /* Main.storyboard */,
				D3A8676725C1BB9D000498BB /* Assets.xcassets */,
				D3A8676925C1BB9D000498BB /* LaunchScreen.storyboard */,
				D3A8676C25C1BB9D000498BB /* Info.plist */,
				D3C437D225DD2C2200ED905A /* Extensions.swift */,
				D3C437D725DD31D700ED905A /* LoggedInViewController.swift */,
				D37E1C0E25E0453800C3A4EC /* ForTest.swift */,
			);
			path = Blabla;
			sourceTree = "<group>";
		};
/* End PBXGroup section */

/* Begin PBXNativeTarget section */
		D3A8675A25C1BB9C000498BB /* Blabla */ = {
			isa = PBXNativeTarget;
			buildConfigurationList = D3A8676F25C1BB9D000498BB /* Build configuration list for PBXNativeTarget "Blabla" */;
			buildPhases = (
				7DBCF7D7FDAAD0C76E9D3D2F /* [CP] Check Pods Manifest.lock */,
				D3A8675725C1BB9C000498BB /* Sources */,
				D3A8675825C1BB9C000498BB /* Frameworks */,
				D3A8675925C1BB9C000498BB /* Resources */,
				26BD827EFE253AC55C459CB4 /* [CP] Embed Pods Frameworks */,
			);
			buildRules = (
			);
			dependencies = (
			);
			name = Blabla;
			productName = Blabla;
			productReference = D3A8675B25C1BB9C000498BB /* Blabla.app */;
			productType = "com.apple.product-type.application";
		};
/* End PBXNativeTarget section */

/* Begin PBXProject section */
		D3A8675325C1BB9C000498BB /* Project object */ = {
			isa = PBXProject;
			attributes = {
				LastSwiftUpdateCheck = 1230;
				LastUpgradeCheck = 1230;
				TargetAttributes = {
					D3A8675A25C1BB9C000498BB = {
						CreatedOnToolsVersion = 12.3;
					};
				};
			};
			buildConfigurationList = D3A8675625C1BB9C000498BB /* Build configuration list for PBXProject "Blabla" */;
			compatibilityVersion = "Xcode 9.3";
			developmentRegion = en;
			hasScannedForEncodings = 0;
			knownRegions = (
				en,
				Base,
			);
			mainGroup = D3A8675225C1BB9C000498BB;
			productRefGroup = D3A8675C25C1BB9C000498BB /* Products */;
			projectDirPath = "";
			projectRoot = "";
			targets = (
				D3A8675A25C1BB9C000498BB /* Blabla */,
			);
		};
/* End PBXProject section */

/* Begin PBXResourcesBuildPhase section */
		D3A8675925C1BB9C000498BB /* Resources */ = {
			isa = PBXResourcesBuildPhase;
			buildActionMask = 2147483647;
			files = (
				D3A8676B25C1BB9D000498BB /* LaunchScreen.storyboard in Resources */,
				D3A8676825C1BB9D000498BB /* Assets.xcassets in Resources */,
				D3A8676625C1BB9C000498BB /* Main.storyboard in Resources */,
			);
			runOnlyForDeploymentPostprocessing = 0;
		};
/* End PBXResourcesBuildPhase section */

/* Begin PBXShellScriptBuildPhase section */
		26BD827EFE253AC55C459CB4 /* [CP] Embed Pods Frameworks */ = {
			isa = PBXShellScriptBuildPhase;
			buildActionMask = 2147483647;
			files = (
			);
			inputFileListPaths = (
				"${PODS_ROOT}/Target Support Files/Pods-Blabla/Pods-Blabla-frameworks-${CONFIGURATION}-input-files.xcfilelist",
			);
			name = "[CP] Embed Pods Frameworks";
			outputFileListPaths = (
				"${PODS_ROOT}/Target Support Files/Pods-Blabla/Pods-Blabla-frameworks-${CONFIGURATION}-output-files.xcfilelist",
			);
			runOnlyForDeploymentPostprocessing = 0;
			shellPath = /bin/sh;
			shellScript = "\"${PODS_ROOT}/Target Support Files/Pods-Blabla/Pods-Blabla-frameworks.sh\"\n";
			showEnvVarsInLog = 0;
		};
		7DBCF7D7FDAAD0C76E9D3D2F /* [CP] Check Pods Manifest.lock */ = {
			isa = PBXShellScriptBuildPhase;
			buildActionMask = 2147483647;
			files = (
			);
			inputFileListPaths = (
			);
			inputPaths = (
				"${PODS_PODFILE_DIR_PATH}/Podfile.lock",
				"${PODS_ROOT}/Manifest.lock",
			);
			name = "[CP] Check Pods Manifest.lock";
			outputFileListPaths = (
			);
			outputPaths = (
				"$(DERIVED_FILE_DIR)/Pods-Blabla-checkManifestLockResult.txt",
			);
			runOnlyForDeploymentPostprocessing = 0;
			shellPath = /bin/sh;
			shellScript = "diff \"${PODS_PODFILE_DIR_PATH}/Podfile.lock\" \"${PODS_ROOT}/Manifest.lock\" > /dev/null\nif [ $? != 0 ] ; then\n    # print error to STDERR\n    echo \"error: The sandbox is not in sync with the Podfile.lock. Run 'pod install' or update your CocoaPods installation.\" >&2\n    exit 1\nfi\n# This output is used by Xcode 'outputs' to avoid re-running this script phase.\necho \"SUCCESS\" > \"${SCRIPT_OUTPUT_FILE_0}\"\n";
			showEnvVarsInLog = 0;
		};
/* End PBXShellScriptBuildPhase section */

/* Begin PBXSourcesBuildPhase section */
		D3A8675725C1BB9C000498BB /* Sources */ = {
			isa = PBXSourcesBuildPhase;
			buildActionMask = 2147483647;
			files = (
				D3A8676325C1BB9C000498BB /* ViewController.swift in Sources */,
				D3C437D325DD2C2200ED905A /* Extensions.swift in Sources */,
				D3F8AC8625CD4E0A00773F9E /* TableView.swift in Sources */,
				D3A8675F25C1BB9C000498BB /* AppDelegate.swift in Sources */,
				D3A8677425C1BDA4000498BB /* ViewControllerAnother.swift in Sources */,
				D3C437D825DD31D700ED905A /* LoggedInViewController.swift in Sources */,
				D3A8676125C1BB9C000498BB /* SceneDelegate.swift in Sources */,
				D37E1C0F25E0453800C3A4EC /* ForTest.swift in Sources */,
			);
			runOnlyForDeploymentPostprocessing = 0;
		};
/* End PBXSourcesBuildPhase section */

/* Begin PBXVariantGroup section */
		D3A8676425C1BB9C000498BB /* Main.storyboard */ = {
			isa = PBXVariantGroup;
			children = (
				D3A8676525C1BB9C000498BB /* Base */,
			);
			name = Main.storyboard;
			sourceTree = "<group>";
		};
		D3A8676925C1BB9D000498BB /* LaunchScreen.storyboard */ = {
			isa = PBXVariantGroup;
			children = (
				D3A8676A25C1BB9D000498BB /* Base */,
			);
			name = LaunchScreen.storyboard;
			sourceTree = "<group>";
		};
/* End PBXVariantGroup section */

/* Begin XCBuildConfiguration section */
		D3A8676D25C1BB9D000498BB /* Debug */ = {
			isa = XCBuildConfiguration;
			buildSettings = {
				ALWAYS_SEARCH_USER_PATHS = NO;
				CLANG_ANALYZER_NONNULL = YES;
				CLANG_ANALYZER_NUMBER_OBJECT_CONVERSION = YES_AGGRESSIVE;
				CLANG_CXX_LANGUAGE_STANDARD = "gnu++14";
				CLANG_CXX_LIBRARY = "libc++";
				CLANG_ENABLE_MODULES = YES;
				CLANG_ENABLE_OBJC_ARC = YES;
				CLANG_ENABLE_OBJC_WEAK = YES;
				CLANG_WARN_BLOCK_CAPTURE_AUTORELEASING = YES;
				CLANG_WARN_BOOL_CONVERSION = YES;
				CLANG_WARN_COMMA = YES;
				CLANG_WARN_CONSTANT_CONVERSION = YES;
				CLANG_WARN_DEPRECATED_OBJC_IMPLEMENTATIONS = YES;
				CLANG_WARN_DIRECT_OBJC_ISA_USAGE = YES_ERROR;
				CLANG_WARN_DOCUMENTATION_COMMENTS = YES;
				CLANG_WARN_EMPTY_BODY = YES;
				CLANG_WARN_ENUM_CONVERSION = YES;
				CLANG_WARN_INFINITE_RECURSION = YES;
				CLANG_WARN_INT_CONVERSION = YES;
				CLANG_WARN_NON_LITERAL_NULL_CONVERSION = YES;
				CLANG_WARN_OBJC_IMPLICIT_RETAIN_SELF = YES;
				CLANG_WARN_OBJC_LITERAL_CONVERSION = YES;
				CLANG_WARN_OBJC_ROOT_CLASS = YES_ERROR;
				CLANG_WARN_QUOTED_INCLUDE_IN_FRAMEWORK_HEADER = YES;
				CLANG_WARN_RANGE_LOOP_ANALYSIS = YES;
				CLANG_WARN_STRICT_PROTOTYPES = YES;
				CLANG_WARN_SUSPICIOUS_MOVE = YES;
				CLANG_WARN_UNGUARDED_AVAILABILITY = YES_AGGRESSIVE;
				CLANG_WARN_UNREACHABLE_CODE = YES;
				CLANG_WARN__DUPLICATE_METHOD_MATCH = YES;
				COPY_PHASE_STRIP = NO;
				DEBUG_INFORMATION_FORMAT = dwarf;
				ENABLE_STRICT_OBJC_MSGSEND = YES;
				ENABLE_TESTABILITY = YES;
				GCC_C_LANGUAGE_STANDARD = gnu11;
				GCC_DYNAMIC_NO_PIC = NO;
				GCC_NO_COMMON_BLOCKS = YES;
				GCC_OPTIMIZATION_LEVEL = 0;
				GCC_PREPROCESSOR_DEFINITIONS = (
					"DEBUG=1",
					"$(inherited)",
				);
				GCC_WARN_64_TO_32_BIT_CONVERSION = YES;
				GCC_WARN_ABOUT_RETURN_TYPE = YES_ERROR;
				GCC_WARN_UNDECLARED_SELECTOR = YES;
				GCC_WARN_UNINITIALIZED_AUTOS = YES_AGGRESSIVE;
				GCC_WARN_UNUSED_FUNCTION = YES;
				GCC_WARN_UNUSED_VARIABLE = YES;
				IPHONEOS_DEPLOYMENT_TARGET = 14.3;
				MTL_ENABLE_DEBUG_INFO = INCLUDE_SOURCE;
				MTL_FAST_MATH = YES;
				ONLY_ACTIVE_ARCH = YES;
				SDKROOT = iphoneos;
				SWIFT_ACTIVE_COMPILATION_CONDITIONS = DEBUG;
				SWIFT_OPTIMIZATION_LEVEL = "-Onone";
			};
			name = Debug;
		};
		D3A8676E25C1BB9D000498BB /* Release */ = {
			isa = XCBuildConfiguration;
			buildSettings = {
				ALWAYS_SEARCH_USER_PATHS = NO;
				CLANG_ANALYZER_NONNULL = YES;
				CLANG_ANALYZER_NUMBER_OBJECT_CONVERSION = YES_AGGRESSIVE;
				CLANG_CXX_LANGUAGE_STANDARD = "gnu++14";
				CLANG_CXX_LIBRARY = "libc++";
				CLANG_ENABLE_MODULES = YES;
				CLANG_ENABLE_OBJC_ARC = YES;
				CLANG_ENABLE_OBJC_WEAK = YES;
				CLANG_WARN_BLOCK_CAPTURE_AUTORELEASING = YES;
				CLANG_WARN_BOOL_CONVERSION = YES;
				CLANG_WARN_COMMA = YES;
				CLANG_WARN_CONSTANT_CONVERSION = YES;
				CLANG_WARN_DEPRECATED_OBJC_IMPLEMENTATIONS = YES;
				CLANG_WARN_DIRECT_OBJC_ISA_USAGE = YES_ERROR;
				CLANG_WARN_DOCUMENTATION_COMMENTS = YES;
				CLANG_WARN_EMPTY_BODY = YES;
				CLANG_WARN_ENUM_CONVERSION = YES;
				CLANG_WARN_INFINITE_RECURSION = YES;
				CLANG_WARN_INT_CONVERSION = YES;
				CLANG_WARN_NON_LITERAL_NULL_CONVERSION = YES;
				CLANG_WARN_OBJC_IMPLICIT_RETAIN_SELF = YES;
				CLANG_WARN_OBJC_LITERAL_CONVERSION = YES;
				CLANG_WARN_OBJC_ROOT_CLASS = YES_ERROR;
				CLANG_WARN_QUOTED_INCLUDE_IN_FRAMEWORK_HEADER = YES;
				CLANG_WARN_RANGE_LOOP_ANALYSIS = YES;
				CLANG_WARN_STRICT_PROTOTYPES = YES;
				CLANG_WARN_SUSPICIOUS_MOVE = YES;
				CLANG_WARN_UNGUARDED_AVAILABILITY = YES_AGGRESSIVE;
				CLANG_WARN_UNREACHABLE_CODE = YES;
				CLANG_WARN__DUPLICATE_METHOD_MATCH = YES;
				COPY_PHASE_STRIP = NO;
				DEBUG_INFORMATION_FORMAT = "dwarf-with-dsym";
				ENABLE_NS_ASSERTIONS = NO;
				ENABLE_STRICT_OBJC_MSGSEND = YES;
				GCC_C_LANGUAGE_STANDARD = gnu11;
				GCC_NO_COMMON_BLOCKS = YES;
				GCC_WARN_64_TO_32_BIT_CONVERSION = YES;
				GCC_WARN_ABOUT_RETURN_TYPE = YES_ERROR;
				GCC_WARN_UNDECLARED_SELECTOR = YES;
				GCC_WARN_UNINITIALIZED_AUTOS = YES_AGGRESSIVE;
				GCC_WARN_UNUSED_FUNCTION = YES;
				GCC_WARN_UNUSED_VARIABLE = YES;
				IPHONEOS_DEPLOYMENT_TARGET = 14.3;
				MTL_ENABLE_DEBUG_INFO = NO;
				MTL_FAST_MATH = YES;
				SDKROOT = iphoneos;
				SWIFT_COMPILATION_MODE = wholemodule;
				SWIFT_OPTIMIZATION_LEVEL = "-O";
				VALIDATE_PRODUCT = YES;
			};
			name = Release;
		};
		D3A8677025C1BB9D000498BB /* Debug */ = {
			isa = XCBuildConfiguration;
			baseConfigurationReference = 5BD2234E154039F6DF9D8AC1 /* Pods-Blabla.debug.xcconfig */;
			buildSettings = {
				ASSETCATALOG_COMPILER_APPICON_NAME = AppIcon;
				ASSETCATALOG_COMPILER_GLOBAL_ACCENT_COLOR_NAME = AccentColor;
				CODE_SIGN_STYLE = Automatic;
				DEVELOPMENT_TEAM = CU6PK6H4F7;
				INFOPLIST_FILE = Blabla/Info.plist;
				LD_RUNPATH_SEARCH_PATHS = (
					"$(inherited)",
					"@executable_path/Frameworks",
				);
				PRODUCT_BUNDLE_IDENTIFIER = Featherok.Blabla;
				PRODUCT_NAME = "$(TARGET_NAME)";
				SWIFT_VERSION = 5.0;
				TARGETED_DEVICE_FAMILY = "1,2";
			};
			name = Debug;
		};
		D3A8677125C1BB9D000498BB /* Release */ = {
			isa = XCBuildConfiguration;
			baseConfigurationReference = 2F99FB2760BBC8A626947688 /* Pods-Blabla.release.xcconfig */;
			buildSettings = {
				ASSETCATALOG_COMPILER_APPICON_NAME = AppIcon;
				ASSETCATALOG_COMPILER_GLOBAL_ACCENT_COLOR_NAME = AccentColor;
				CODE_SIGN_STYLE = Automatic;
				DEVELOPMENT_TEAM = CU6PK6H4F7;
				INFOPLIST_FILE = Blabla/Info.plist;
				LD_RUNPATH_SEARCH_PATHS = (
					"$(inherited)",
					"@executable_path/Frameworks",
				);
				PRODUCT_BUNDLE_IDENTIFIER = Featherok.Blabla;
				PRODUCT_NAME = "$(TARGET_NAME)";
				SWIFT_VERSION = 5.0;
				TARGETED_DEVICE_FAMILY = "1,2";
			};
			name = Release;
		};
/* End XCBuildConfiguration section */

/* Begin XCConfigurationList section */
		D3A8675625C1BB9C000498BB /* Build configuration list for PBXProject "Blabla" */ = {
			isa = XCConfigurationList;
			buildConfigurations = (
				D3A8676D25C1BB9D000498BB /* Debug */,
				D3A8676E25C1BB9D000498BB /* Release */,
			);
			defaultConfigurationIsVisible = 0;
			defaultConfigurationName = Release;
		};
		D3A8676F25C1BB9D000498BB /* Build configuration list for PBXNativeTarget "Blabla" */ = {
			isa = XCConfigurationList;
			buildConfigurations = (
				D3A8677025C1BB9D000498BB /* Debug */,
				D3A8677125C1BB9D000498BB /* Release */,
			);
			defaultConfigurationIsVisible = 0;
			defaultConfigurationName = Release;
		};
/* End XCConfigurationList section */
	};
	rootObject = D3A8675325C1BB9C000498BB /* Project object */;
}
